
Microsoft Visual Studio Solution File, Format Version 12.00
Project("{FAE04EC0-301F-11D3-BF4B-00C04F79EFBC}") = "PeopleManager.Ui.Mvc", "PeopleManager.Ui.Mvc\PeopleManager.Ui.Mvc.csproj", "{C2EB41F9-E358-441C-847A-DA4DF3E85543}"
EndProject
Global
	GlobalSection(SolutionConfigurationPlatforms) = preSolution
		Debug|Any CPU = Debug|Any CPU
		Release|Any CPU = Release|Any CPU
	EndGlobalSection
	GlobalSection(ProjectConfigurationPlatforms) = postSolution
		{C2EB41F9-E358-441C-847A-DA4DF3E85543}.Debug|Any CPU.ActiveCfg = Debug|Any CPU
		{C2EB41F9-E358-441C-847A-DA4DF3E85543}.Debug|Any CPU.Build.0 = Debug|Any CPU
		{C2EB41F9-E358-441C-847A-DA4DF3E85543}.Release|Any CPU.ActiveCfg = Release|Any CPU
		{C2EB41F9-E358-441C-847A-DA4DF3E85543}.Release|Any CPU.Build.0 = Release|Any CPU
	EndGlobalSection
EndGlobal
